
Microsoft Visual Studio Solution File, Format Version 12.00
# Visual Studio Version 17
VisualStudioVersion = 17.14.36310.24 d17.14
MinimumVisualStudioVersion = 10.0.40219.1
Project("{FAE04EC0-301F-11D3-BF4B-00C04F79EFBC}") = "Method parameters", "Method parameters.csproj", "{BD6448EC-2B59-43A9-BBF2-8E21C0D79F7E}"
EndProject
Global
	GlobalSection(SolutionConfigurationPlatforms) = preSolution
		Debug|Any CPU = Debug|Any CPU
		Release|Any CPU = Release|Any CPU
	EndGlobalSection
	GlobalSection(ProjectConfigurationPlatforms) = postSolution
		{BD6448EC-2B59-43A9-BBF2-8E21C0D79F7E}.Debug|Any CPU.ActiveCfg = Debug|Any CPU
		{BD6448EC-2B59-43A9-BBF2-8E21C0D79F7E}.Debug|Any CPU.Build.0 = Debug|Any CPU
		{BD6448EC-2B59-43A9-BBF2-8E21C0D79F7E}.Release|Any CPU.ActiveCfg = Release|Any CPU
		{BD6448EC-2B59-43A9-BBF2-8E21C0D79F7E}.Release|Any CPU.Build.0 = Release|Any CPU
	EndGlobalSection
	GlobalSection(SolutionProperties) = preSolution
		HideSolutionNode = FALSE
	EndGlobalSection
	GlobalSection(ExtensibilityGlobals) = postSolution
		SolutionGuid = {64E5A9EC-14F4-42D8-A194-F0BC4042AA72}
	EndGlobalSection
EndGlobal
