
Microsoft Visual Studio Solution File, Format Version 12.00
# Visual Studio Version 17
VisualStudioVersion = 17.14.36310.24 d17.14
MinimumVisualStudioVersion = 10.0.40219.1
Project("{FAE04EC0-301F-11D3-BF4B-00C04F79EFBC}") = "Namespaces", "Namespaces.csproj", "{43527CA4-0DAB-4D18-B12E-5CE08CA78851}"
EndProject
Project("{FAE04EC0-301F-11D3-BF4B-00C04F79EFBC}") = "ProjectA.TeamA", "..\ProjectA.TeamA\ProjectA.TeamA.csproj", "{459CF47E-668F-4FBE-B064-989C663DB308}"
EndProject
Project("{FAE04EC0-301F-11D3-BF4B-00C04F79EFBC}") = "ProjectA.TeamB", "..\ProjectA.TeamB\ProjectA.TeamB.csproj", "{909F24BB-AB54-44C8-A75D-BC4D995E1316}"
EndProject
Global
	GlobalSection(SolutionConfigurationPlatforms) = preSolution
		Debug|Any CPU = Debug|Any CPU
		Release|Any CPU = Release|Any CPU
	EndGlobalSection
	GlobalSection(ProjectConfigurationPlatforms) = postSolution
		{43527CA4-0DAB-4D18-B12E-5CE08CA78851}.Debug|Any CPU.ActiveCfg = Debug|Any CPU
		{43527CA4-0DAB-4D18-B12E-5CE08CA78851}.Debug|Any CPU.Build.0 = Debug|Any CPU
		{43527CA4-0DAB-4D18-B12E-5CE08CA78851}.Release|Any CPU.ActiveCfg = Release|Any CPU
		{43527CA4-0DAB-4D18-B12E-5CE08CA78851}.Release|Any CPU.Build.0 = Release|Any CPU
		{459CF47E-668F-4FBE-B064-989C663DB308}.Debug|Any CPU.ActiveCfg = Debug|Any CPU
		{459CF47E-668F-4FBE-B064-989C663DB308}.Debug|Any CPU.Build.0 = Debug|Any CPU
		{459CF47E-668F-4FBE-B064-989C663DB308}.Release|Any CPU.ActiveCfg = Release|Any CPU
		{459CF47E-668F-4FBE-B064-989C663DB308}.Release|Any CPU.Build.0 = Release|Any CPU
		{909F24BB-AB54-44C8-A75D-BC4D995E1316}.Debug|Any CPU.ActiveCfg = Debug|Any CPU
		{909F24BB-AB54-44C8-A75D-BC4D995E1316}.Debug|Any CPU.Build.0 = Debug|Any CPU
		{909F24BB-AB54-44C8-A75D-BC4D995E1316}.Release|Any CPU.ActiveCfg = Release|Any CPU
		{909F24BB-AB54-44C8-A75D-BC4D995E1316}.Release|Any CPU.Build.0 = Release|Any CPU
	EndGlobalSection
	GlobalSection(SolutionProperties) = preSolution
		HideSolutionNode = FALSE
	EndGlobalSection
	GlobalSection(ExtensibilityGlobals) = postSolution
		SolutionGuid = {7DE42753-6B86-4DB8-B666-82BA3153E922}
	EndGlobalSection
EndGlobal
