
Microsoft Visual Studio Solution File, Format Version 12.00
# Visual Studio Version 17
VisualStudioVersion = 17.14.36310.24 d17.14
MinimumVisualStudioVersion = 10.0.40219.1
Project("{FAE04EC0-301F-11D3-BF4B-00C04F79EFBC}") = "switch statement", "switch statement.csproj", "{C582D777-6C3D-4656-9FAA-8A36B79DA7F2}"
EndProject
Global
	GlobalSection(SolutionConfigurationPlatforms) = preSolution
		Debug|Any CPU = Debug|Any CPU
		Release|Any CPU = Release|Any CPU
	EndGlobalSection
	GlobalSection(ProjectConfigurationPlatforms) = postSolution
		{C582D777-6C3D-4656-9FAA-8A36B79DA7F2}.Debug|Any CPU.ActiveCfg = Debug|Any CPU
		{C582D777-6C3D-4656-9FAA-8A36B79DA7F2}.Debug|Any CPU.Build.0 = Debug|Any CPU
		{C582D777-6C3D-4656-9FAA-8A36B79DA7F2}.Release|Any CPU.ActiveCfg = Release|Any CPU
		{C582D777-6C3D-4656-9FAA-8A36B79DA7F2}.Release|Any CPU.Build.0 = Release|Any CPU
	EndGlobalSection
	GlobalSection(SolutionProperties) = preSolution
		HideSolutionNode = FALSE
	EndGlobalSection
	GlobalSection(ExtensibilityGlobals) = postSolution
		SolutionGuid = {3E45A051-503F-49D0-993A-968FA8A30C5B}
	EndGlobalSection
EndGlobal
