
Microsoft Visual Studio Solution File, Format Version 12.00
# Visual Studio Version 17
VisualStudioVersion = 17.14.36310.24 d17.14
MinimumVisualStudioVersion = 10.0.40219.1
Project("{FAE04EC0-301F-11D3-BF4B-00C04F79EFBC}") = "for and foreach loops", "for and foreach loops.csproj", "{589228B1-0DB1-481C-B232-36238706858B}"
EndProject
Global
	GlobalSection(SolutionConfigurationPlatforms) = preSolution
		Debug|Any CPU = Debug|Any CPU
		Release|Any CPU = Release|Any CPU
	EndGlobalSection
	GlobalSection(ProjectConfigurationPlatforms) = postSolution
		{589228B1-0DB1-481C-B232-36238706858B}.Debug|Any CPU.ActiveCfg = Debug|Any CPU
		{589228B1-0DB1-481C-B232-36238706858B}.Debug|Any CPU.Build.0 = Debug|Any CPU
		{589228B1-0DB1-481C-B232-36238706858B}.Release|Any CPU.ActiveCfg = Release|Any CPU
		{589228B1-0DB1-481C-B232-36238706858B}.Release|Any CPU.Build.0 = Release|Any CPU
	EndGlobalSection
	GlobalSection(SolutionProperties) = preSolution
		HideSolutionNode = FALSE
	EndGlobalSection
	GlobalSection(ExtensibilityGlobals) = postSolution
		SolutionGuid = {C8AF298C-22DA-42B4-85C6-7616D61AD569}
	EndGlobalSection
EndGlobal
